
Microsoft Visual Studio Solution File, Format Version 12.00
# Visual Studio Version 17
VisualStudioVersion = 17.8.34525.116
MinimumVisualStudioVersion = 10.0.40219.1
Project("{FAE04EC0-301F-11D3-BF4B-00C04F79EFBC}") = "Web.Triditech", "Web.Triditech\Web.Triditech.csproj", "{D7D3BA92-E552-4655-8560-12E43C56488A}"
EndProject
Global
	GlobalSection(SolutionConfigurationPlatforms) = preSolution
		Debug|Any CPU = Debug|Any CPU
		Release|Any CPU = Release|Any CPU
	EndGlobalSection
	GlobalSection(ProjectConfigurationPlatforms) = postSolution
		{D7D3BA92-E552-4655-8560-12E43C56488A}.Debug|Any CPU.ActiveCfg = Debug|Any CPU
		{D7D3BA92-E552-4655-8560-12E43C56488A}.Debug|Any CPU.Build.0 = Debug|Any CPU
		{D7D3BA92-E552-4655-8560-12E43C56488A}.Release|Any CPU.ActiveCfg = Release|Any CPU
		{D7D3BA92-E552-4655-8560-12E43C56488A}.Release|Any CPU.Build.0 = Release|Any CPU
	EndGlobalSection
	GlobalSection(SolutionProperties) = preSolution
		HideSolutionNode = FALSE
	EndGlobalSection
	GlobalSection(ExtensibilityGlobals) = postSolution
		SolutionGuid = {D1C46535-0723-4156-B9C5-D8A8FB79A783}
	EndGlobalSection
EndGlobal
